// !$*UTF8*$!
{
	archiveVersion = 1;
	classes = {
	};
	objectVersion = 50;
	objects = {

/* Begin PBXBuildFile section */
		51D108DA8F138E3BFE3C5080 /* Pods_WeatherApp.framework in Frameworks */ = {isa = PBXBuildFile; fileRef = 37ED3882198A4A4523612865 /* Pods_WeatherApp.framework */; };
		84A22742262B832E00CED8B7 /* AppDelegate.swift in Sources */ = {isa = PBXBuildFile; fileRef = 84A22741262B832E00CED8B7 /* AppDelegate.swift */; };
		84A22746262B832E00CED8B7 /* ViewController.swift in Sources */ = {isa = PBXBuildFile; fileRef = 84A22745262B832E00CED8B7 /* ViewController.swift */; };
		84A22749262B832E00CED8B7 /* Main.storyboard in Resources */ = {isa = PBXBuildFile; fileRef = 84A22747262B832E00CED8B7 /* Main.storyboard */; };
		84A2274B262B833100CED8B7 /* Assets.xcassets in Resources */ = {isa = PBXBuildFile; fileRef = 84A2274A262B833100CED8B7 /* Assets.xcassets */; };
		84A2274E262B833100CED8B7 /* LaunchScreen.storyboard in Resources */ = {isa = PBXBuildFile; fileRef = 84A2274C262B833100CED8B7 /* LaunchScreen.storyboard */; };
		84BDC34C26337A9900CA5C1A /* SearchViewController.swift in Sources */ = {isa = PBXBuildFile; fileRef = 84BDC34A26337A9900CA5C1A /* SearchViewController.swift */; };
		84BDC34D26337A9900CA5C1A /* SearchViewController.xib in Resources */ = {isa = PBXBuildFile; fileRef = 84BDC34B26337A9900CA5C1A /* SearchViewController.xib */; };
		84D7AC46262E5DA00019368A /* HomeViewController.swift in Sources */ = {isa = PBXBuildFile; fileRef = 84D7AC44262E5DA00019368A /* HomeViewController.swift */; };
		84D7AC47262E5DA00019368A /* HomeViewController.xib in Resources */ = {isa = PBXBuildFile; fileRef = 84D7AC45262E5DA00019368A /* HomeViewController.xib */; };
/* End PBXBuildFile section */

/* Begin PBXFileReference section */
		37ED3882198A4A4523612865 /* Pods_WeatherApp.framework */ = {isa = PBXFileReference; explicitFileType = wrapper.framework; includeInIndex = 0; path = Pods_WeatherApp.framework; sourceTree = BUILT_PRODUCTS_DIR; };
		84A2273E262B832E00CED8B7 /* WeatherApp.app */ = {isa = PBXFileReference; explicitFileType = wrapper.application; includeInIndex = 0; path = WeatherApp.app; sourceTree = BUILT_PRODUCTS_DIR; };
		84A22741262B832E00CED8B7 /* AppDelegate.swift */ = {isa = PBXFileReference; lastKnownFileType = sourcecode.swift; path = AppDelegate.swift; sourceTree = "<group>"; };
		84A22745262B832E00CED8B7 /* ViewController.swift */ = {isa = PBXFileReference; lastKnownFileType = sourcecode.swift; path = ViewController.swift; sourceTree = "<group>"; };
		84A22748262B832E00CED8B7 /* Base */ = {isa = PBXFileReference; lastKnownFileType = file.storyboard; name = Base; path = Base.lproj/Main.storyboard; sourceTree = "<group>"; };
		84A2274A262B833100CED8B7 /* Assets.xcassets */ = {isa = PBXFileReference; lastKnownFileType = folder.assetcatalog; path = Assets.xcassets; sourceTree = "<group>"; };
		84A2274D262B833100CED8B7 /* Base */ = {isa = PBXFileReference; lastKnownFileType = file.storyboard; name = Base; path = Base.lproj/LaunchScreen.storyboard; sourceTree = "<group>"; };
		84A2274F262B833100CED8B7 /* Info.plist */ = {isa = PBXFileReference; lastKnownFileType = text.plist.xml; path = Info.plist; sourceTree = "<group>"; };
		84BDC34A26337A9900CA5C1A /* SearchViewController.swift */ = {isa = PBXFileReference; lastKnownFileType = sourcecode.swift; path = SearchViewController.swift; sourceTree = "<group>"; };
		84BDC34B26337A9900CA5C1A /* SearchViewController.xib */ = {isa = PBXFileReference; lastKnownFileType = file.xib; path = SearchViewController.xib; sourceTree = "<group>"; };
		84D7AC44262E5DA00019368A /* HomeViewController.swift */ = {isa = PBXFileReference; lastKnownFileType = sourcecode.swift; path = HomeViewController.swift; sourceTree = "<group>"; };
		84D7AC45262E5DA00019368A /* HomeViewController.xib */ = {isa = PBXFileReference; lastKnownFileType = file.xib; path = HomeViewController.xib; sourceTree = "<group>"; };
		84D7AC4E262E60EE0019368A /* Gotham Rounded Light.otf */ = {isa = PBXFileReference; lastKnownFileType = file; path = "Gotham Rounded Light.otf"; sourceTree = "<group>"; };
		84D7AC50262E615D0019368A /* Gotham Rounded Book.otf */ = {isa = PBXFileReference; lastKnownFileType = file; path = "Gotham Rounded Book.otf"; sourceTree = "<group>"; };
		B92553896E34B86883714AFB /* Pods-WeatherApp.debug.xcconfig */ = {isa = PBXFileReference; includeInIndex = 1; lastKnownFileType = text.xcconfig; name = "Pods-WeatherApp.debug.xcconfig"; path = "Target Support Files/Pods-WeatherApp/Pods-WeatherApp.debug.xcconfig"; sourceTree = "<group>"; };
		F28FFF6035147E12537362BA /* Pods-WeatherApp.release.xcconfig */ = {isa = PBXFileReference; includeInIndex = 1; lastKnownFileType = text.xcconfig; name = "Pods-WeatherApp.release.xcconfig"; path = "Target Support Files/Pods-WeatherApp/Pods-WeatherApp.release.xcconfig"; sourceTree = "<group>"; };
/* End PBXFileReference section */

/* Begin PBXFrameworksBuildPhase section */
		84A2273B262B832E00CED8B7 /* Frameworks */ = {
			isa = PBXFrameworksBuildPhase;
			buildActionMask = 2147483647;
			files = (
				51D108DA8F138E3BFE3C5080 /* Pods_WeatherApp.framework in Frameworks */,
			);
			runOnlyForDeploymentPostprocessing = 0;
		};
/* End PBXFrameworksBuildPhase section */

/* Begin PBXGroup section */
		05E868A12B38223AAEF92E84 /* Pods */ = {
			isa = PBXGroup;
			children = (
				B92553896E34B86883714AFB /* Pods-WeatherApp.debug.xcconfig */,
				F28FFF6035147E12537362BA /* Pods-WeatherApp.release.xcconfig */,
			);
			path = Pods;
			sourceTree = "<group>";
		};
		843165CF66DD604972EF786F /* Frameworks */ = {
			isa = PBXGroup;
			children = (
				37ED3882198A4A4523612865 /* Pods_WeatherApp.framework */,
			);
			name = Frameworks;
			sourceTree = "<group>";
		};
		84A22735262B832E00CED8B7 = {
			isa = PBXGroup;
			children = (
				84A22740262B832E00CED8B7 /* WeatherApp */,
				84A2273F262B832E00CED8B7 /* Products */,
				05E868A12B38223AAEF92E84 /* Pods */,
				843165CF66DD604972EF786F /* Frameworks */,
			);
			sourceTree = "<group>";
		};
		84A2273F262B832E00CED8B7 /* Products */ = {
			isa = PBXGroup;
			children = (
				84A2273E262B832E00CED8B7 /* WeatherApp.app */,
			);
			name = Products;
			sourceTree = "<group>";
		};
		84A22740262B832E00CED8B7 /* WeatherApp */ = {
			isa = PBXGroup;
			children = (
				84D7AC4C262E60BA0019368A /* Extensions & Utilities */,
				84A2275C262B83B300CED8B7 /* Supporting files */,
				84A2275D262B83BD00CED8B7 /* Scenes */,
				84A22741262B832E00CED8B7 /* AppDelegate.swift */,
				84A2274A262B833100CED8B7 /* Assets.xcassets */,
			);
			path = WeatherApp;
			sourceTree = "<group>";
		};
		84A2275C262B83B300CED8B7 /* Supporting files */ = {
			isa = PBXGroup;
			children = (
				84A2274F262B833100CED8B7 /* Info.plist */,
			);
			path = "Supporting files";
			sourceTree = "<group>";
		};
		84A2275D262B83BD00CED8B7 /* Scenes */ = {
			isa = PBXGroup;
			children = (
				84A2275E262B83C800CED8B7 /* Initial */,
				84D7AC3D262E5B6C0019368A /* home */,
				84D7AC3F262E5BA80019368A /* search */,
				84D7AC3E262E5B7F0019368A /* settings */,
			);
			path = Scenes;
			sourceTree = "<group>";
		};
		84A2275E262B83C800CED8B7 /* Initial */ = {
			isa = PBXGroup;
			children = (
				84A2274C262B833100CED8B7 /* LaunchScreen.storyboard */,
				84A22747262B832E00CED8B7 /* Main.storyboard */,
				84A22745262B832E00CED8B7 /* ViewController.swift */,
			);
			path = Initial;
			sourceTree = "<group>";
		};
		84D7AC3D262E5B6C0019368A /* home */ = {
			isa = PBXGroup;
			children = (
				84D7AC44262E5DA00019368A /* HomeViewController.swift */,
				84D7AC45262E5DA00019368A /* HomeViewController.xib */,
			);
			path = home;
			sourceTree = "<group>";
		};
		84D7AC3E262E5B7F0019368A /* settings */ = {
			isa = PBXGroup;
			children = (
			);
			path = settings;
			sourceTree = "<group>";
		};
		84D7AC3F262E5BA80019368A /* search */ = {
			isa = PBXGroup;
			children = (
				84BDC34A26337A9900CA5C1A /* SearchViewController.swift */,
				84BDC34B26337A9900CA5C1A /* SearchViewController.xib */,
			);
			path = search;
			sourceTree = "<group>";
		};
		84D7AC4C262E60BA0019368A /* Extensions & Utilities */ = {
			isa = PBXGroup;
			children = (
				84D7AC4D262E60CA0019368A /* custom fonts */,
			);
			path = "Extensions & Utilities";
			sourceTree = "<group>";
		};
		84D7AC4D262E60CA0019368A /* custom fonts */ = {
			isa = PBXGroup;
			children = (
				84D7AC4E262E60EE0019368A /* Gotham Rounded Light.otf */,
				84D7AC50262E615D0019368A /* Gotham Rounded Book.otf */,
			);
			path = "custom fonts";
			sourceTree = "<group>";
		};
/* End PBXGroup section */

/* Begin PBXNativeTarget section */
		84A2273D262B832E00CED8B7 /* WeatherApp */ = {
			isa = PBXNativeTarget;
			buildConfigurationList = 84A22752262B833100CED8B7 /* Build configuration list for PBXNativeTarget "WeatherApp" */;
			buildPhases = (
				070F06CFF6E8DCBEE29D2797 /* [CP] Check Pods Manifest.lock */,
				84A2273A262B832E00CED8B7 /* Sources */,
				84A2273B262B832E00CED8B7 /* Frameworks */,
				84A2273C262B832E00CED8B7 /* Resources */,
			);
			buildRules = (
			);
			dependencies = (
			);
			name = WeatherApp;
			productName = WeatherApp;
			productReference = 84A2273E262B832E00CED8B7 /* WeatherApp.app */;
			productType = "com.apple.product-type.application";
		};
/* End PBXNativeTarget section */

/* Begin PBXProject section */
		84A22736262B832E00CED8B7 /* Project object */ = {
			isa = PBXProject;
			attributes = {
				LastSwiftUpdateCheck = 1230;
				LastUpgradeCheck = 1230;
				TargetAttributes = {
					84A2273D262B832E00CED8B7 = {
						CreatedOnToolsVersion = 12.3;
					};
				};
			};
			buildConfigurationList = 84A22739262B832E00CED8B7 /* Build configuration list for PBXProject "WeatherApp" */;
			compatibilityVersion = "Xcode 9.3";
			developmentRegion = en;
			hasScannedForEncodings = 0;
			knownRegions = (
				en,
				Base,
			);
			mainGroup = 84A22735262B832E00CED8B7;
			productRefGroup = 84A2273F262B832E00CED8B7 /* Products */;
			projectDirPath = "";
			projectRoot = "";
			targets = (
				84A2273D262B832E00CED8B7 /* WeatherApp */,
			);
		};
/* End PBXProject section */

/* Begin PBXResourcesBuildPhase section */
		84A2273C262B832E00CED8B7 /* Resources */ = {
			isa = PBXResourcesBuildPhase;
			buildActionMask = 2147483647;
			files = (
				84A2274E262B833100CED8B7 /* LaunchScreen.storyboard in Resources */,
				84A2274B262B833100CED8B7 /* Assets.xcassets in Resources */,
				84A22749262B832E00CED8B7 /* Main.storyboard in Resources */,
				84BDC34D26337A9900CA5C1A /* SearchViewController.xib in Resources */,
				84D7AC47262E5DA00019368A /* HomeViewController.xib in Resources */,
			);
			runOnlyForDeploymentPostprocessing = 0;
		};
/* End PBXResourcesBuildPhase section */

/* Begin PBXShellScriptBuildPhase section */
		070F06CFF6E8DCBEE29D2797 /* [CP] Check Pods Manifest.lock */ = {
			isa = PBXShellScriptBuildPhase;
			buildActionMask = 2147483647;
			files = (
			);
			inputFileListPaths = (
			);
			inputPaths = (
				"${PODS_PODFILE_DIR_PATH}/Podfile.lock",
				"${PODS_ROOT}/Manifest.lock",
			);
			name = "[CP] Check Pods Manifest.lock";
			outputFileListPaths = (
			);
			outputPaths = (
				"$(DERIVED_FILE_DIR)/Pods-WeatherApp-checkManifestLockResult.txt",
			);
			runOnlyForDeploymentPostprocessing = 0;
			shellPath = /bin/sh;
			shellScript = "diff \"${PODS_PODFILE_DIR_PATH}/Podfile.lock\" \"${PODS_ROOT}/Manifest.lock\" > /dev/null\nif [ $? != 0 ] ; then\n    # print error to STDERR\n    echo \"error: The sandbox is not in sync with the Podfile.lock. Run 'pod install' or update your CocoaPods installation.\" >&2\n    exit 1\nfi\n# This output is used by Xcode 'outputs' to avoid re-running this script phase.\necho \"SUCCESS\" > \"${SCRIPT_OUTPUT_FILE_0}\"\n";
			showEnvVarsInLog = 0;
		};
/* End PBXShellScriptBuildPhase section */

/* Begin PBXSourcesBuildPhase section */
		84A2273A262B832E00CED8B7 /* Sources */ = {
			isa = PBXSourcesBuildPhase;
			buildActionMask = 2147483647;
			files = (
				84A22746262B832E00CED8B7 /* ViewController.swift in Sources */,
				84A22742262B832E00CED8B7 /* AppDelegate.swift in Sources */,
				84BDC34C26337A9900CA5C1A /* SearchViewController.swift in Sources */,
				84D7AC46262E5DA00019368A /* HomeViewController.swift in Sources */,
			);
			runOnlyForDeploymentPostprocessing = 0;
		};
/* End PBXSourcesBuildPhase section */

/* Begin PBXVariantGroup section */
		84A22747262B832E00CED8B7 /* Main.storyboard */ = {
			isa = PBXVariantGroup;
			children = (
				84A22748262B832E00CED8B7 /* Base */,
			);
			name = Main.storyboard;
			sourceTree = "<group>";
		};
		84A2274C262B833100CED8B7 /* LaunchScreen.storyboard */ = {
			isa = PBXVariantGroup;
			children = (
				84A2274D262B833100CED8B7 /* Base */,
			);
			name = LaunchScreen.storyboard;
			sourceTree = "<group>";
		};
/* End PBXVariantGroup section */

/* Begin XCBuildConfiguration section */
		84A22750262B833100CED8B7 /* Debug */ = {
			isa = XCBuildConfiguration;
			buildSettings = {
				ALWAYS_SEARCH_USER_PATHS = NO;
				CLANG_ANALYZER_NONNULL = YES;
				CLANG_ANALYZER_NUMBER_OBJECT_CONVERSION = YES_AGGRESSIVE;
				CLANG_CXX_LANGUAGE_STANDARD = "gnu++14";
				CLANG_CXX_LIBRARY = "libc++";
				CLANG_ENABLE_MODULES = YES;
				CLANG_ENABLE_OBJC_ARC = YES;
				CLANG_ENABLE_OBJC_WEAK = YES;
				CLANG_WARN_BLOCK_CAPTURE_AUTORELEASING = YES;
				CLANG_WARN_BOOL_CONVERSION = YES;
				CLANG_WARN_COMMA = YES;
				CLANG_WARN_CONSTANT_CONVERSION = YES;
				CLANG_WARN_DEPRECATED_OBJC_IMPLEMENTATIONS = YES;
				CLANG_WARN_DIRECT_OBJC_ISA_USAGE = YES_ERROR;
				CLANG_WARN_DOCUMENTATION_COMMENTS = YES;
				CLANG_WARN_EMPTY_BODY = YES;
				CLANG_WARN_ENUM_CONVERSION = YES;
				CLANG_WARN_INFINITE_RECURSION = YES;
				CLANG_WARN_INT_CONVERSION = YES;
				CLANG_WARN_NON_LITERAL_NULL_CONVERSION = YES;
				CLANG_WARN_OBJC_IMPLICIT_RETAIN_SELF = YES;
				CLANG_WARN_OBJC_LITERAL_CONVERSION = YES;
				CLANG_WARN_OBJC_ROOT_CLASS = YES_ERROR;
				CLANG_WARN_QUOTED_INCLUDE_IN_FRAMEWORK_HEADER = YES;
				CLANG_WARN_RANGE_LOOP_ANALYSIS = YES;
				CLANG_WARN_STRICT_PROTOTYPES = YES;
				CLANG_WARN_SUSPICIOUS_MOVE = YES;
				CLANG_WARN_UNGUARDED_AVAILABILITY = YES_AGGRESSIVE;
				CLANG_WARN_UNREACHABLE_CODE = YES;
				CLANG_WARN__DUPLICATE_METHOD_MATCH = YES;
				COPY_PHASE_STRIP = NO;
				DEBUG_INFORMATION_FORMAT = dwarf;
				ENABLE_STRICT_OBJC_MSGSEND = YES;
				ENABLE_TESTABILITY = YES;
				GCC_C_LANGUAGE_STANDARD = gnu11;
				GCC_DYNAMIC_NO_PIC = NO;
				GCC_NO_COMMON_BLOCKS = YES;
				GCC_OPTIMIZATION_LEVEL = 0;
				GCC_PREPROCESSOR_DEFINITIONS = (
					"DEBUG=1",
					"$(inherited)",
				);
				GCC_WARN_64_TO_32_BIT_CONVERSION = YES;
				GCC_WARN_ABOUT_RETURN_TYPE = YES_ERROR;
				GCC_WARN_UNDECLARED_SELECTOR = YES;
				GCC_WARN_UNINITIALIZED_AUTOS = YES_AGGRESSIVE;
				GCC_WARN_UNUSED_FUNCTION = YES;
				GCC_WARN_UNUSED_VARIABLE = YES;
				IPHONEOS_DEPLOYMENT_TARGET = 14.3;
				MTL_ENABLE_DEBUG_INFO = INCLUDE_SOURCE;
				MTL_FAST_MATH = YES;
				ONLY_ACTIVE_ARCH = YES;
				SDKROOT = iphoneos;
				SWIFT_ACTIVE_COMPILATION_CONDITIONS = DEBUG;
				SWIFT_OPTIMIZATION_LEVEL = "-Onone";
			};
			name = Debug;
		};
		84A22751262B833100CED8B7 /* Release */ = {
			isa = XCBuildConfiguration;
			buildSettings = {
				ALWAYS_SEARCH_USER_PATHS = NO;
				CLANG_ANALYZER_NONNULL = YES;
				CLANG_ANALYZER_NUMBER_OBJECT_CONVERSION = YES_AGGRESSIVE;
				CLANG_CXX_LANGUAGE_STANDARD = "gnu++14";
				CLANG_CXX_LIBRARY = "libc++";
				CLANG_ENABLE_MODULES = YES;
				CLANG_ENABLE_OBJC_ARC = YES;
				CLANG_ENABLE_OBJC_WEAK = YES;
				CLANG_WARN_BLOCK_CAPTURE_AUTORELEASING = YES;
				CLANG_WARN_BOOL_CONVERSION = YES;
				CLANG_WARN_COMMA = YES;
				CLANG_WARN_CONSTANT_CONVERSION = YES;
				CLANG_WARN_DEPRECATED_OBJC_IMPLEMENTATIONS = YES;
				CLANG_WARN_DIRECT_OBJC_ISA_USAGE = YES_ERROR;
				CLANG_WARN_DOCUMENTATION_COMMENTS = YES;
				CLANG_WARN_EMPTY_BODY = YES;
				CLANG_WARN_ENUM_CONVERSION = YES;
				CLANG_WARN_INFINITE_RECURSION = YES;
				CLANG_WARN_INT_CONVERSION = YES;
				CLANG_WARN_NON_LITERAL_NULL_CONVERSION = YES;
				CLANG_WARN_OBJC_IMPLICIT_RETAIN_SELF = YES;
				CLANG_WARN_OBJC_LITERAL_CONVERSION = YES;
				CLANG_WARN_OBJC_ROOT_CLASS = YES_ERROR;
				CLANG_WARN_QUOTED_INCLUDE_IN_FRAMEWORK_HEADER = YES;
				CLANG_WARN_RANGE_LOOP_ANALYSIS = YES;
				CLANG_WARN_STRICT_PROTOTYPES = YES;
				CLANG_WARN_SUSPICIOUS_MOVE = YES;
				CLANG_WARN_UNGUARDED_AVAILABILITY = YES_AGGRESSIVE;
				CLANG_WARN_UNREACHABLE_CODE = YES;
				CLANG_WARN__DUPLICATE_METHOD_MATCH = YES;
				COPY_PHASE_STRIP = NO;
				DEBUG_INFORMATION_FORMAT = "dwarf-with-dsym";
				ENABLE_NS_ASSERTIONS = NO;
				ENABLE_STRICT_OBJC_MSGSEND = YES;
				GCC_C_LANGUAGE_STANDARD = gnu11;
				GCC_NO_COMMON_BLOCKS = YES;
				GCC_WARN_64_TO_32_BIT_CONVERSION = YES;
				GCC_WARN_ABOUT_RETURN_TYPE = YES_ERROR;
				GCC_WARN_UNDECLARED_SELECTOR = YES;
				GCC_WARN_UNINITIALIZED_AUTOS = YES_AGGRESSIVE;
				GCC_WARN_UNUSED_FUNCTION = YES;
				GCC_WARN_UNUSED_VARIABLE = YES;
				IPHONEOS_DEPLOYMENT_TARGET = 14.3;
				MTL_ENABLE_DEBUG_INFO = NO;
				MTL_FAST_MATH = YES;
				SDKROOT = iphoneos;
				SWIFT_COMPILATION_MODE = wholemodule;
				SWIFT_OPTIMIZATION_LEVEL = "-O";
				VALIDATE_PRODUCT = YES;
			};
			name = Release;
		};
		84A22753262B833100CED8B7 /* Debug */ = {
			isa = XCBuildConfiguration;
			baseConfigurationReference = B92553896E34B86883714AFB /* Pods-WeatherApp.debug.xcconfig */;
			buildSettings = {
				ASSETCATALOG_COMPILER_APPICON_NAME = AppIcon;
				ASSETCATALOG_COMPILER_GLOBAL_ACCENT_COLOR_NAME = AccentColor;
				CODE_SIGN_STYLE = Automatic;
				DEVELOPMENT_TEAM = RHNV3HY5FU;
				INFOPLIST_FILE = "WeatherApp/Supporting files/Info.plist";
				LD_RUNPATH_SEARCH_PATHS = (
					"$(inherited)",
					"@executable_path/Frameworks",
				);
				PRODUCT_BUNDLE_IDENTIFIER = mehmed.tukulic.WeatherApp;
				PRODUCT_NAME = "$(TARGET_NAME)";
				SWIFT_VERSION = 5.0;
				TARGETED_DEVICE_FAMILY = "1,2";
			};
			name = Debug;
		};
		84A22754262B833100CED8B7 /* Release */ = {
			isa = XCBuildConfiguration;
			baseConfigurationReference = F28FFF6035147E12537362BA /* Pods-WeatherApp.release.xcconfig */;
			buildSettings = {
				ASSETCATALOG_COMPILER_APPICON_NAME = AppIcon;
				ASSETCATALOG_COMPILER_GLOBAL_ACCENT_COLOR_NAME = AccentColor;
				CODE_SIGN_STYLE = Automatic;
				DEVELOPMENT_TEAM = RHNV3HY5FU;
				INFOPLIST_FILE = "WeatherApp/Supporting files/Info.plist";
				LD_RUNPATH_SEARCH_PATHS = (
					"$(inherited)",
					"@executable_path/Frameworks",
				);
				PRODUCT_BUNDLE_IDENTIFIER = mehmed.tukulic.WeatherApp;
				PRODUCT_NAME = "$(TARGET_NAME)";
				SWIFT_VERSION = 5.0;
				TARGETED_DEVICE_FAMILY = "1,2";
			};
			name = Release;
		};
/* End XCBuildConfiguration section */

/* Begin XCConfigurationList section */
		84A22739262B832E00CED8B7 /* Build configuration list for PBXProject "WeatherApp" */ = {
			isa = XCConfigurationList;
			buildConfigurations = (
				84A22750262B833100CED8B7 /* Debug */,
				84A22751262B833100CED8B7 /* Release */,
			);
			defaultConfigurationIsVisible = 0;
			defaultConfigurationName = Release;
		};
		84A22752262B833100CED8B7 /* Build configuration list for PBXNativeTarget "WeatherApp" */ = {
			isa = XCConfigurationList;
			buildConfigurations = (
				84A22753262B833100CED8B7 /* Debug */,
				84A22754262B833100CED8B7 /* Release */,
			);
			defaultConfigurationIsVisible = 0;
			defaultConfigurationName = Release;
		};
/* End XCConfigurationList section */
	};
	rootObject = 84A22736262B832E00CED8B7 /* Project object */;
}
